// !$*UTF8*$!
{
	archiveVersion = 1;
	classes = {
	};
	objectVersion = 51;
	objects = {

/* Begin PBXBuildFile section */
		052B7FD0258C9B16003AF68B /* RYJCartDiscountView.swift in Sources */ = {isa = PBXBuildFile; fileRef = 052B7FCF258C9B16003AF68B /* RYJCartDiscountView.swift */; };
		052B7FD5258CA7F7003AF68B /* RYJCartSettlementView.swift in Sources */ = {isa = PBXBuildFile; fileRef = 052B7FD4258CA7F7003AF68B /* RYJCartSettlementView.swift */; };
		053D63E3258AEA9D009567D4 /* RYJSearchRecentView.swift in Sources */ = {isa = PBXBuildFile; fileRef = 053D63E2258AEA9D009567D4 /* RYJSearchRecentView.swift */; };
		0589F493258733A6005F9EF6 /* AppDelegate.swift in Sources */ = {isa = PBXBuildFile; fileRef = 0589F492258733A6005F9EF6 /* AppDelegate.swift */; };
		0589F497258733A6005F9EF6 /* ViewController.swift in Sources */ = {isa = PBXBuildFile; fileRef = 0589F496258733A6005F9EF6 /* ViewController.swift */; };
		0589F49A258733A6005F9EF6 /* Main.storyboard in Resources */ = {isa = PBXBuildFile; fileRef = 0589F498258733A6005F9EF6 /* Main.storyboard */; };
		0589F49C258733A9005F9EF6 /* Assets.xcassets in Resources */ = {isa = PBXBuildFile; fileRef = 0589F49B258733A9005F9EF6 /* Assets.xcassets */; };
		0589F49F258733A9005F9EF6 /* LaunchScreen.storyboard in Resources */ = {isa = PBXBuildFile; fileRef = 0589F49D258733A9005F9EF6 /* LaunchScreen.storyboard */; };
		0589F4AA258733AA005F9EF6 /* ShopTests.swift in Sources */ = {isa = PBXBuildFile; fileRef = 0589F4A9258733AA005F9EF6 /* ShopTests.swift */; };
		0589F4B5258733AA005F9EF6 /* ShopUITests.swift in Sources */ = {isa = PBXBuildFile; fileRef = 0589F4B4258733AA005F9EF6 /* ShopUITests.swift */; };
		0589F4D325874562005F9EF6 /* RYJTabBarController.swift in Sources */ = {isa = PBXBuildFile; fileRef = 0589F4D225874562005F9EF6 /* RYJTabBarController.swift */; };
		0589F4DA258746AD005F9EF6 /* RYJHomeViewController.swift in Sources */ = {isa = PBXBuildFile; fileRef = 0589F4D9258746AD005F9EF6 /* RYJHomeViewController.swift */; };
		058B189D25946C8700D8F5A3 /* LFFPraiseButton.swift in Sources */ = {isa = PBXBuildFile; fileRef = 058B189C25946C8600D8F5A3 /* LFFPraiseButton.swift */; };
		058B18A2259474A000D8F5A3 /* RYJHomeModel.swift in Sources */ = {isa = PBXBuildFile; fileRef = 058B18A1259474A000D8F5A3 /* RYJHomeModel.swift */; };
		058E1B7D25902E4C00E678FD /* RYJCartListView.swift in Sources */ = {isa = PBXBuildFile; fileRef = 058E1B7C25902E4C00E678FD /* RYJCartListView.swift */; };
		058E1B8B2590416400E678FD /* RYJCartModel.swift in Sources */ = {isa = PBXBuildFile; fileRef = 058E1B8A2590416400E678FD /* RYJCartModel.swift */; };
		058E1B972590800500E678FD /* RYJRefresh.swift in Sources */ = {isa = PBXBuildFile; fileRef = 058E1B962590800500E678FD /* RYJRefresh.swift */; };
		059934FE258899A200302D5F /* RYJLikeViewController.swift in Sources */ = {isa = PBXBuildFile; fileRef = 059934FD258899A200302D5F /* RYJLikeViewController.swift */; };
		05993506258899B300302D5F /* RYJCartViewController.swift in Sources */ = {isa = PBXBuildFile; fileRef = 05993505258899B300302D5F /* RYJCartViewController.swift */; };
		0599350B258899CD00302D5F /* RYJSearchViewController.swift in Sources */ = {isa = PBXBuildFile; fileRef = 0599350A258899CD00302D5F /* RYJSearchViewController.swift */; };
		0599353425889D7500302D5F /* RYJBaseViewController.swift in Sources */ = {isa = PBXBuildFile; fileRef = 0599353325889D7500302D5F /* RYJBaseViewController.swift */; };
		05B077F8259180CD00DAC557 /* RYJHomeBannerView.swift in Sources */ = {isa = PBXBuildFile; fileRef = 05B077F7259180CD00DAC557 /* RYJHomeBannerView.swift */; };
		05B078122591BCFB00DAC557 /* RYJHomeLikeView.swift in Sources */ = {isa = PBXBuildFile; fileRef = 05B078112591BCFB00DAC557 /* RYJHomeLikeView.swift */; };
		05B33E6E2588A881002DE0E0 /* UIColorExtension.swift in Sources */ = {isa = PBXBuildFile; fileRef = 05B33E6D2588A881002DE0E0 /* UIColorExtension.swift */; };
		05B33E792588B1A4002DE0E0 /* Global.swift in Sources */ = {isa = PBXBuildFile; fileRef = 05B33E782588B1A4002DE0E0 /* Global.swift */; };
		05B33E832588BA45002DE0E0 /* RYJSearchRankingView.swift in Sources */ = {isa = PBXBuildFile; fileRef = 05B33E822588BA45002DE0E0 /* RYJSearchRankingView.swift */; };
		05EC75B3259C165800EF86E5 /* RYJDetailViewController.swift in Sources */ = {isa = PBXBuildFile; fileRef = 05EC75B2259C165700EF86E5 /* RYJDetailViewController.swift */; };
		05EC75BB259C1CAA00EF86E5 /* RYJDetailHeaderView.swift in Sources */ = {isa = PBXBuildFile; fileRef = 05EC75BA259C1CAA00EF86E5 /* RYJDetailHeaderView.swift */; };
		05EC75C0259C2C1E00EF86E5 /* RYJDetailDescribeView.swift in Sources */ = {isa = PBXBuildFile; fileRef = 05EC75BF259C2C1E00EF86E5 /* RYJDetailDescribeView.swift */; };
		05EC762E259C6E3800EF86E5 /* RYJCheckoutViewController.swift in Sources */ = {isa = PBXBuildFile; fileRef = 05EC762D259C6E3800EF86E5 /* RYJCheckoutViewController.swift */; };
		05EC7633259C71F900EF86E5 /* RYJCheckoutProgressView.swift in Sources */ = {isa = PBXBuildFile; fileRef = 05EC7632259C71F900EF86E5 /* RYJCheckoutProgressView.swift */; };
		05EC7638259C7EBD00EF86E5 /* RYJCheckoutShipmentView.swift in Sources */ = {isa = PBXBuildFile; fileRef = 05EC7637259C7EBD00EF86E5 /* RYJCheckoutShipmentView.swift */; };
		F1104AE21A413B89C1431297 /* Pods_Shop.framework in Frameworks */ = {isa = PBXBuildFile; fileRef = 62232979554C1DE5EBCFE44E /* Pods_Shop.framework */; };
/* End PBXBuildFile section */

/* Begin PBXContainerItemProxy section */
		0589F4A6258733AA005F9EF6 /* PBXContainerItemProxy */ = {
			isa = PBXContainerItemProxy;
			containerPortal = 0589F487258733A6005F9EF6 /* Project object */;
			proxyType = 1;
			remoteGlobalIDString = 0589F48E258733A6005F9EF6;
			remoteInfo = Shop;
		};
		0589F4B1258733AA005F9EF6 /* PBXContainerItemProxy */ = {
			isa = PBXContainerItemProxy;
			containerPortal = 0589F487258733A6005F9EF6 /* Project object */;
			proxyType = 1;
			remoteGlobalIDString = 0589F48E258733A6005F9EF6;
			remoteInfo = Shop;
		};
/* End PBXContainerItemProxy section */

/* Begin PBXFileReference section */
		052B7FCF258C9B16003AF68B /* RYJCartDiscountView.swift */ = {isa = PBXFileReference; lastKnownFileType = sourcecode.swift; path = RYJCartDiscountView.swift; sourceTree = "<group>"; };
		052B7FD4258CA7F7003AF68B /* RYJCartSettlementView.swift */ = {isa = PBXFileReference; lastKnownFileType = sourcecode.swift; path = RYJCartSettlementView.swift; sourceTree = "<group>"; };
		053D63E2258AEA9D009567D4 /* RYJSearchRecentView.swift */ = {isa = PBXFileReference; lastKnownFileType = sourcecode.swift; path = RYJSearchRecentView.swift; sourceTree = "<group>"; };
		0589F48F258733A6005F9EF6 /* Shop.app */ = {isa = PBXFileReference; explicitFileType = wrapper.application; includeInIndex = 0; path = Shop.app; sourceTree = BUILT_PRODUCTS_DIR; };
		0589F492258733A6005F9EF6 /* AppDelegate.swift */ = {isa = PBXFileReference; lastKnownFileType = sourcecode.swift; path = AppDelegate.swift; sourceTree = "<group>"; };
		0589F496258733A6005F9EF6 /* ViewController.swift */ = {isa = PBXFileReference; lastKnownFileType = sourcecode.swift; path = ViewController.swift; sourceTree = "<group>"; };
		0589F499258733A6005F9EF6 /* Base */ = {isa = PBXFileReference; lastKnownFileType = file.storyboard; name = Base; path = Base.lproj/Main.storyboard; sourceTree = "<group>"; };
		0589F49B258733A9005F9EF6 /* Assets.xcassets */ = {isa = PBXFileReference; lastKnownFileType = folder.assetcatalog; path = Assets.xcassets; sourceTree = "<group>"; };
		0589F49E258733A9005F9EF6 /* Base */ = {isa = PBXFileReference; lastKnownFileType = file.storyboard; name = Base; path = Base.lproj/LaunchScreen.storyboard; sourceTree = "<group>"; };
		0589F4A0258733A9005F9EF6 /* Info.plist */ = {isa = PBXFileReference; lastKnownFileType = text.plist.xml; path = Info.plist; sourceTree = "<group>"; };
		0589F4A5258733AA005F9EF6 /* ShopTests.xctest */ = {isa = PBXFileReference; explicitFileType = wrapper.cfbundle; includeInIndex = 0; path = ShopTests.xctest; sourceTree = BUILT_PRODUCTS_DIR; };
		0589F4A9258733AA005F9EF6 /* ShopTests.swift */ = {isa = PBXFileReference; lastKnownFileType = sourcecode.swift; path = ShopTests.swift; sourceTree = "<group>"; };
		0589F4AB258733AA005F9EF6 /* Info.plist */ = {isa = PBXFileReference; lastKnownFileType = text.plist.xml; path = Info.plist; sourceTree = "<group>"; };
		0589F4B0258733AA005F9EF6 /* ShopUITests.xctest */ = {isa = PBXFileReference; explicitFileType = wrapper.cfbundle; includeInIndex = 0; path = ShopUITests.xctest; sourceTree = BUILT_PRODUCTS_DIR; };
		0589F4B4258733AA005F9EF6 /* ShopUITests.swift */ = {isa = PBXFileReference; lastKnownFileType = sourcecode.swift; path = ShopUITests.swift; sourceTree = "<group>"; };
		0589F4B6258733AA005F9EF6 /* Info.plist */ = {isa = PBXFileReference; lastKnownFileType = text.plist.xml; path = Info.plist; sourceTree = "<group>"; };
		0589F4D225874562005F9EF6 /* RYJTabBarController.swift */ = {isa = PBXFileReference; lastKnownFileType = sourcecode.swift; path = RYJTabBarController.swift; sourceTree = "<group>"; };
		0589F4D9258746AD005F9EF6 /* RYJHomeViewController.swift */ = {isa = PBXFileReference; lastKnownFileType = sourcecode.swift; path = RYJHomeViewController.swift; sourceTree = "<group>"; };
		058B189C25946C8600D8F5A3 /* LFFPraiseButton.swift */ = {isa = PBXFileReference; fileEncoding = 4; lastKnownFileType = sourcecode.swift; path = LFFPraiseButton.swift; sourceTree = "<group>"; };
		058B18A1259474A000D8F5A3 /* RYJHomeModel.swift */ = {isa = PBXFileReference; lastKnownFileType = sourcecode.swift; path = RYJHomeModel.swift; sourceTree = "<group>"; };
		058E1B7C25902E4C00E678FD /* RYJCartListView.swift */ = {isa = PBXFileReference; lastKnownFileType = sourcecode.swift; path = RYJCartListView.swift; sourceTree = "<group>"; };
		058E1B8A2590416400E678FD /* RYJCartModel.swift */ = {isa = PBXFileReference; lastKnownFileType = sourcecode.swift; path = RYJCartModel.swift; sourceTree = "<group>"; };
		058E1B962590800500E678FD /* RYJRefresh.swift */ = {isa = PBXFileReference; lastKnownFileType = sourcecode.swift; path = RYJRefresh.swift; sourceTree = "<group>"; };
		059934FD258899A200302D5F /* RYJLikeViewController.swift */ = {isa = PBXFileReference; lastKnownFileType = sourcecode.swift; path = RYJLikeViewController.swift; sourceTree = "<group>"; };
		05993505258899B300302D5F /* RYJCartViewController.swift */ = {isa = PBXFileReference; lastKnownFileType = sourcecode.swift; path = RYJCartViewController.swift; sourceTree = "<group>"; };
		0599350A258899CD00302D5F /* RYJSearchViewController.swift */ = {isa = PBXFileReference; lastKnownFileType = sourcecode.swift; path = RYJSearchViewController.swift; sourceTree = "<group>"; };
		0599353325889D7500302D5F /* RYJBaseViewController.swift */ = {isa = PBXFileReference; lastKnownFileType = sourcecode.swift; path = RYJBaseViewController.swift; sourceTree = "<group>"; };
		05B077F7259180CD00DAC557 /* RYJHomeBannerView.swift */ = {isa = PBXFileReference; lastKnownFileType = sourcecode.swift; path = RYJHomeBannerView.swift; sourceTree = "<group>"; };
		05B078112591BCFB00DAC557 /* RYJHomeLikeView.swift */ = {isa = PBXFileReference; lastKnownFileType = sourcecode.swift; path = RYJHomeLikeView.swift; sourceTree = "<group>"; };
		05B33E6D2588A881002DE0E0 /* UIColorExtension.swift */ = {isa = PBXFileReference; lastKnownFileType = sourcecode.swift; path = UIColorExtension.swift; sourceTree = "<group>"; };
		05B33E782588B1A4002DE0E0 /* Global.swift */ = {isa = PBXFileReference; lastKnownFileType = sourcecode.swift; path = Global.swift; sourceTree = "<group>"; };
		05B33E822588BA45002DE0E0 /* RYJSearchRankingView.swift */ = {isa = PBXFileReference; lastKnownFileType = sourcecode.swift; path = RYJSearchRankingView.swift; sourceTree = "<group>"; };
		05EC75B2259C165700EF86E5 /* RYJDetailViewController.swift */ = {isa = PBXFileReference; lastKnownFileType = sourcecode.swift; path = RYJDetailViewController.swift; sourceTree = "<group>"; };
		05EC75BA259C1CAA00EF86E5 /* RYJDetailHeaderView.swift */ = {isa = PBXFileReference; lastKnownFileType = sourcecode.swift; path = RYJDetailHeaderView.swift; sourceTree = "<group>"; };
		05EC75BF259C2C1E00EF86E5 /* RYJDetailDescribeView.swift */ = {isa = PBXFileReference; lastKnownFileType = sourcecode.swift; path = RYJDetailDescribeView.swift; sourceTree = "<group>"; };
		05EC762D259C6E3800EF86E5 /* RYJCheckoutViewController.swift */ = {isa = PBXFileReference; lastKnownFileType = sourcecode.swift; path = RYJCheckoutViewController.swift; sourceTree = "<group>"; };
		05EC7632259C71F900EF86E5 /* RYJCheckoutProgressView.swift */ = {isa = PBXFileReference; lastKnownFileType = sourcecode.swift; path = RYJCheckoutProgressView.swift; sourceTree = "<group>"; };
		05EC7637259C7EBD00EF86E5 /* RYJCheckoutShipmentView.swift */ = {isa = PBXFileReference; lastKnownFileType = sourcecode.swift; path = RYJCheckoutShipmentView.swift; sourceTree = "<group>"; };
		48AD86BB4D9D2C09269781E6 /* Pods-Shop.debug.xcconfig */ = {isa = PBXFileReference; includeInIndex = 1; lastKnownFileType = text.xcconfig; name = "Pods-Shop.debug.xcconfig"; path = "Target Support Files/Pods-Shop/Pods-Shop.debug.xcconfig"; sourceTree = "<group>"; };
		62232979554C1DE5EBCFE44E /* Pods_Shop.framework */ = {isa = PBXFileReference; explicitFileType = wrapper.framework; includeInIndex = 0; path = Pods_Shop.framework; sourceTree = BUILT_PRODUCTS_DIR; };
		D578FECD44BDDA7737868D7F /* Pods-Shop.release.xcconfig */ = {isa = PBXFileReference; includeInIndex = 1; lastKnownFileType = text.xcconfig; name = "Pods-Shop.release.xcconfig"; path = "Target Support Files/Pods-Shop/Pods-Shop.release.xcconfig"; sourceTree = "<group>"; };
/* End PBXFileReference section */

/* Begin PBXFrameworksBuildPhase section */
		0589F48C258733A6005F9EF6 /* Frameworks */ = {
			isa = PBXFrameworksBuildPhase;
			buildActionMask = 2147483647;
			files = (
				F1104AE21A413B89C1431297 /* Pods_Shop.framework in Frameworks */,
			);
			runOnlyForDeploymentPostprocessing = 0;
		};
		0589F4A2258733AA005F9EF6 /* Frameworks */ = {
			isa = PBXFrameworksBuildPhase;
			buildActionMask = 2147483647;
			files = (
			);
			runOnlyForDeploymentPostprocessing = 0;
		};
		0589F4AD258733AA005F9EF6 /* Frameworks */ = {
			isa = PBXFrameworksBuildPhase;
			buildActionMask = 2147483647;
			files = (
			);
			runOnlyForDeploymentPostprocessing = 0;
		};
/* End PBXFrameworksBuildPhase section */

/* Begin PBXGroup section */
		0589F486258733A6005F9EF6 = {
			isa = PBXGroup;
			children = (
				0589F491258733A6005F9EF6 /* Shop */,
				0589F4A8258733AA005F9EF6 /* ShopTests */,
				0589F4B3258733AA005F9EF6 /* ShopUITests */,
				0589F490258733A6005F9EF6 /* Products */,
				F932E496ABBAAC96368E7DC8 /* Pods */,
				19AFC8AF3A89BCD88CDCCC94 /* Frameworks */,
			);
			sourceTree = "<group>";
		};
		0589F490258733A6005F9EF6 /* Products */ = {
			isa = PBXGroup;
			children = (
				0589F48F258733A6005F9EF6 /* Shop.app */,
				0589F4A5258733AA005F9EF6 /* ShopTests.xctest */,
				0589F4B0258733AA005F9EF6 /* ShopUITests.xctest */,
			);
			name = Products;
			sourceTree = "<group>";
		};
		0589F491258733A6005F9EF6 /* Shop */ = {
			isa = PBXGroup;
			children = (
				0589F4D725874625005F9EF6 /* Home */,
				059934FA2588991A00302D5F /* Like */,
				059934FB2588994C00302D5F /* Cart */,
				059934FC2588996C00302D5F /* Search */,
				05EC7629259C6D8000EF86E5 /* Checkout */,
				05EC75AE259C15F000EF86E5 /* Detail */,
				0589F4D825874647005F9EF6 /* System */,
				05B33E6C2588A853002DE0E0 /* Extension */,
				0589F4E125874712005F9EF6 /* Resources */,
			);
			path = Shop;
			sourceTree = "<group>";
		};
		0589F4A8258733AA005F9EF6 /* ShopTests */ = {
			isa = PBXGroup;
			children = (
				0589F4A9258733AA005F9EF6 /* ShopTests.swift */,
				0589F4AB258733AA005F9EF6 /* Info.plist */,
			);
			path = ShopTests;
			sourceTree = "<group>";
		};
		0589F4B3258733AA005F9EF6 /* ShopUITests */ = {
			isa = PBXGroup;
			children = (
				0589F4B4258733AA005F9EF6 /* ShopUITests.swift */,
				0589F4B6258733AA005F9EF6 /* Info.plist */,
			);
			path = ShopUITests;
			sourceTree = "<group>";
		};
		0589F4D725874625005F9EF6 /* Home */ = {
			isa = PBXGroup;
			children = (
				05B077F42591808800DAC557 /* Controller */,
				05B077F52591809800DAC557 /* Model */,
				05B077F6259180A000DAC557 /* View */,
			);
			path = Home;
			sourceTree = "<group>";
		};
		0589F4D825874647005F9EF6 /* System */ = {
			isa = PBXGroup;
			children = (
				058E1B9525907FDF00E678FD /* Refresh */,
				0589F492258733A6005F9EF6 /* AppDelegate.swift */,
				0589F4D225874562005F9EF6 /* RYJTabBarController.swift */,
				0599353325889D7500302D5F /* RYJBaseViewController.swift */,
				05B33E782588B1A4002DE0E0 /* Global.swift */,
			);
			path = System;
			sourceTree = "<group>";
		};
		0589F4E125874712005F9EF6 /* Resources */ = {
			isa = PBXGroup;
			children = (
				0589F496258733A6005F9EF6 /* ViewController.swift */,
				0589F498258733A6005F9EF6 /* Main.storyboard */,
				0589F49B258733A9005F9EF6 /* Assets.xcassets */,
				0589F49D258733A9005F9EF6 /* LaunchScreen.storyboard */,
				0589F4A0258733A9005F9EF6 /* Info.plist */,
			);
			path = Resources;
			sourceTree = "<group>";
		};
		058E1B8425903E8A00E678FD /* View */ = {
			isa = PBXGroup;
			children = (
				052B7FCF258C9B16003AF68B /* RYJCartDiscountView.swift */,
				052B7FD4258CA7F7003AF68B /* RYJCartSettlementView.swift */,
				058E1B7C25902E4C00E678FD /* RYJCartListView.swift */,
			);
			path = View;
			sourceTree = "<group>";
		};
		058E1B8525903E9300E678FD /* Model */ = {
			isa = PBXGroup;
			children = (
				058E1B8A2590416400E678FD /* RYJCartModel.swift */,
			);
			path = Model;
			sourceTree = "<group>";
		};
		058E1B8625903EA300E678FD /* Controller */ = {
			isa = PBXGroup;
			children = (
				05993505258899B300302D5F /* RYJCartViewController.swift */,
			);
			path = Controller;
			sourceTree = "<group>";
		};
		058E1B9525907FDF00E678FD /* Refresh */ = {
			isa = PBXGroup;
			children = (
				058E1B962590800500E678FD /* RYJRefresh.swift */,
			);
			path = Refresh;
			sourceTree = "<group>";
		};
		059934FA2588991A00302D5F /* Like */ = {
			isa = PBXGroup;
			children = (
				059934FD258899A200302D5F /* RYJLikeViewController.swift */,
			);
			path = Like;
			sourceTree = "<group>";
		};
		059934FB2588994C00302D5F /* Cart */ = {
			isa = PBXGroup;
			children = (
				058E1B8625903EA300E678FD /* Controller */,
				058E1B8525903E9300E678FD /* Model */,
				058E1B8425903E8A00E678FD /* View */,
			);
			path = Cart;
			sourceTree = "<group>";
		};
		059934FC2588996C00302D5F /* Search */ = {
			isa = PBXGroup;
			children = (
				05B078232591DFB100DAC557 /* Controller */,
				05B078252591DFC900DAC557 /* View */,
				05B078242591DFBE00DAC557 /* Model */,
			);
			path = Search;
			sourceTree = "<group>";
		};
		05B077F42591808800DAC557 /* Controller */ = {
			isa = PBXGroup;
			children = (
				0589F4D9258746AD005F9EF6 /* RYJHomeViewController.swift */,
			);
			path = Controller;
			sourceTree = "<group>";
		};
		05B077F52591809800DAC557 /* Model */ = {
			isa = PBXGroup;
			children = (
				058B18A1259474A000D8F5A3 /* RYJHomeModel.swift */,
			);
			path = Model;
			sourceTree = "<group>";
		};
		05B077F6259180A000DAC557 /* View */ = {
			isa = PBXGroup;
			children = (
				058B189C25946C8600D8F5A3 /* LFFPraiseButton.swift */,
				05B077F7259180CD00DAC557 /* RYJHomeBannerView.swift */,
				05B078112591BCFB00DAC557 /* RYJHomeLikeView.swift */,
			);
			path = View;
			sourceTree = "<group>";
		};
		05B078232591DFB100DAC557 /* Controller */ = {
			isa = PBXGroup;
			children = (
				0599350A258899CD00302D5F /* RYJSearchViewController.swift */,
			);
			path = Controller;
			sourceTree = "<group>";
		};
		05B078242591DFBE00DAC557 /* Model */ = {
			isa = PBXGroup;
			children = (
			);
			path = Model;
			sourceTree = "<group>";
		};
		05B078252591DFC900DAC557 /* View */ = {
			isa = PBXGroup;
			children = (
				05B33E822588BA45002DE0E0 /* RYJSearchRankingView.swift */,
				053D63E2258AEA9D009567D4 /* RYJSearchRecentView.swift */,
			);
			path = View;
			sourceTree = "<group>";
		};
		05B33E6C2588A853002DE0E0 /* Extension */ = {
			isa = PBXGroup;
			children = (
				05B33E6D2588A881002DE0E0 /* UIColorExtension.swift */,
			);
			path = Extension;
			sourceTree = "<group>";
		};
		05EC75AE259C15F000EF86E5 /* Detail */ = {
			isa = PBXGroup;
			children = (
				05EC75B1259C163700EF86E5 /* Controller */,
				05EC75B0259C162A00EF86E5 /* Model */,
				05EC75AF259C162100EF86E5 /* View */,
			);
			path = Detail;
			sourceTree = "<group>";
		};
		05EC75AF259C162100EF86E5 /* View */ = {
			isa = PBXGroup;
			children = (
				05EC75BA259C1CAA00EF86E5 /* RYJDetailHeaderView.swift */,
				05EC75BF259C2C1E00EF86E5 /* RYJDetailDescribeView.swift */,
			);
			path = View;
			sourceTree = "<group>";
		};
		05EC75B0259C162A00EF86E5 /* Model */ = {
			isa = PBXGroup;
			children = (
			);
			path = Model;
			sourceTree = "<group>";
		};
		05EC75B1259C163700EF86E5 /* Controller */ = {
			isa = PBXGroup;
			children = (
				05EC75B2259C165700EF86E5 /* RYJDetailViewController.swift */,
			);
			path = Controller;
			sourceTree = "<group>";
		};
		05EC7629259C6D8000EF86E5 /* Checkout */ = {
			isa = PBXGroup;
			children = (
				05EC762C259C6DF800EF86E5 /* Controller */,
				05EC762B259C6DE700EF86E5 /* Model */,
				05EC762A259C6DD700EF86E5 /* View */,
			);
			path = Checkout;
			sourceTree = "<group>";
		};
		05EC762A259C6DD700EF86E5 /* View */ = {
			isa = PBXGroup;
			children = (
				05EC7632259C71F900EF86E5 /* RYJCheckoutProgressView.swift */,
				05EC7637259C7EBD00EF86E5 /* RYJCheckoutShipmentView.swift */,
			);
			path = View;
			sourceTree = "<group>";
		};
		05EC762B259C6DE700EF86E5 /* Model */ = {
			isa = PBXGroup;
			children = (
			);
			path = Model;
			sourceTree = "<group>";
		};
		05EC762C259C6DF800EF86E5 /* Controller */ = {
			isa = PBXGroup;
			children = (
				05EC762D259C6E3800EF86E5 /* RYJCheckoutViewController.swift */,
			);
			path = Controller;
			sourceTree = "<group>";
		};
		19AFC8AF3A89BCD88CDCCC94 /* Frameworks */ = {
			isa = PBXGroup;
			children = (
				62232979554C1DE5EBCFE44E /* Pods_Shop.framework */,
			);
			name = Frameworks;
			sourceTree = "<group>";
		};
		F932E496ABBAAC96368E7DC8 /* Pods */ = {
			isa = PBXGroup;
			children = (
				48AD86BB4D9D2C09269781E6 /* Pods-Shop.debug.xcconfig */,
				D578FECD44BDDA7737868D7F /* Pods-Shop.release.xcconfig */,
			);
			path = Pods;
			sourceTree = "<group>";
		};
/* End PBXGroup section */

/* Begin PBXNativeTarget section */
		0589F48E258733A6005F9EF6 /* Shop */ = {
			isa = PBXNativeTarget;
			buildConfigurationList = 0589F4B9258733AA005F9EF6 /* Build configuration list for PBXNativeTarget "Shop" */;
			buildPhases = (
				1C8F5077A88FB2C86EDBAC42 /* [CP] Check Pods Manifest.lock */,
				0589F48B258733A6005F9EF6 /* Sources */,
				0589F48C258733A6005F9EF6 /* Frameworks */,
				0589F48D258733A6005F9EF6 /* Resources */,
				6F027A56BE88BBFA7E24C99E /* [CP] Embed Pods Frameworks */,
			);
			buildRules = (
			);
			dependencies = (
			);
			name = Shop;
			productName = Shop;
			productReference = 0589F48F258733A6005F9EF6 /* Shop.app */;
			productType = "com.apple.product-type.application";
		};
		0589F4A4258733AA005F9EF6 /* ShopTests */ = {
			isa = PBXNativeTarget;
			buildConfigurationList = 0589F4BC258733AA005F9EF6 /* Build configuration list for PBXNativeTarget "ShopTests" */;
			buildPhases = (
				0589F4A1258733AA005F9EF6 /* Sources */,
				0589F4A2258733AA005F9EF6 /* Frameworks */,
				0589F4A3258733AA005F9EF6 /* Resources */,
			);
			buildRules = (
			);
			dependencies = (
				0589F4A7258733AA005F9EF6 /* PBXTargetDependency */,
			);
			name = ShopTests;
			productName = ShopTests;
			productReference = 0589F4A5258733AA005F9EF6 /* ShopTests.xctest */;
			productType = "com.apple.product-type.bundle.unit-test";
		};
		0589F4AF258733AA005F9EF6 /* ShopUITests */ = {
			isa = PBXNativeTarget;
			buildConfigurationList = 0589F4BF258733AA005F9EF6 /* Build configuration list for PBXNativeTarget "ShopUITests" */;
			buildPhases = (
				0589F4AC258733AA005F9EF6 /* Sources */,
				0589F4AD258733AA005F9EF6 /* Frameworks */,
				0589F4AE258733AA005F9EF6 /* Resources */,
			);
			buildRules = (
			);
			dependencies = (
				0589F4B2258733AA005F9EF6 /* PBXTargetDependency */,
			);
			name = ShopUITests;
			productName = ShopUITests;
			productReference = 0589F4B0258733AA005F9EF6 /* ShopUITests.xctest */;
			productType = "com.apple.product-type.bundle.ui-testing";
		};
/* End PBXNativeTarget section */

/* Begin PBXProject section */
		0589F487258733A6005F9EF6 /* Project object */ = {
			isa = PBXProject;
			attributes = {
				LastSwiftUpdateCheck = 1220;
				LastUpgradeCheck = 1220;
				TargetAttributes = {
					0589F48E258733A6005F9EF6 = {
						CreatedOnToolsVersion = 12.2;
					};
					0589F4A4258733AA005F9EF6 = {
						CreatedOnToolsVersion = 12.2;
						TestTargetID = 0589F48E258733A6005F9EF6;
					};
					0589F4AF258733AA005F9EF6 = {
						CreatedOnToolsVersion = 12.2;
						TestTargetID = 0589F48E258733A6005F9EF6;
					};
				};
			};
			buildConfigurationList = 0589F48A258733A6005F9EF6 /* Build configuration list for PBXProject "Shop" */;
			compatibilityVersion = "Xcode 9.3";
			developmentRegion = en;
			hasScannedForEncodings = 0;
			knownRegions = (
				en,
				Base,
			);
			mainGroup = 0589F486258733A6005F9EF6;
			productRefGroup = 0589F490258733A6005F9EF6 /* Products */;
			projectDirPath = "";
			projectRoot = "";
			targets = (
				0589F48E258733A6005F9EF6 /* Shop */,
				0589F4A4258733AA005F9EF6 /* ShopTests */,
				0589F4AF258733AA005F9EF6 /* ShopUITests */,
			);
		};
/* End PBXProject section */

/* Begin PBXResourcesBuildPhase section */
		0589F48D258733A6005F9EF6 /* Resources */ = {
			isa = PBXResourcesBuildPhase;
			buildActionMask = 2147483647;
			files = (
				0589F49F258733A9005F9EF6 /* LaunchScreen.storyboard in Resources */,
				0589F49C258733A9005F9EF6 /* Assets.xcassets in Resources */,
				0589F49A258733A6005F9EF6 /* Main.storyboard in Resources */,
			);
			runOnlyForDeploymentPostprocessing = 0;
		};
		0589F4A3258733AA005F9EF6 /* Resources */ = {
			isa = PBXResourcesBuildPhase;
			buildActionMask = 2147483647;
			files = (
			);
			runOnlyForDeploymentPostprocessing = 0;
		};
		0589F4AE258733AA005F9EF6 /* Resources */ = {
			isa = PBXResourcesBuildPhase;
			buildActionMask = 2147483647;
			files = (
			);
			runOnlyForDeploymentPostprocessing = 0;
		};
/* End PBXResourcesBuildPhase section */

/* Begin PBXShellScriptBuildPhase section */
		1C8F5077A88FB2C86EDBAC42 /* [CP] Check Pods Manifest.lock */ = {
			isa = PBXShellScriptBuildPhase;
			buildActionMask = 2147483647;
			files = (
			);
			inputFileListPaths = (
			);
			inputPaths = (
				"${PODS_PODFILE_DIR_PATH}/Podfile.lock",
				"${PODS_ROOT}/Manifest.lock",
			);
			name = "[CP] Check Pods Manifest.lock";
			outputFileListPaths = (
			);
			outputPaths = (
				"$(DERIVED_FILE_DIR)/Pods-Shop-checkManifestLockResult.txt",
			);
			runOnlyForDeploymentPostprocessing = 0;
			shellPath = /bin/sh;
			shellScript = "diff \"${PODS_PODFILE_DIR_PATH}/Podfile.lock\" \"${PODS_ROOT}/Manifest.lock\" > /dev/null\nif [ $? != 0 ] ; then\n    # print error to STDERR\n    echo \"error: The sandbox is not in sync with the Podfile.lock. Run 'pod install' or update your CocoaPods installation.\" >&2\n    exit 1\nfi\n# This output is used by Xcode 'outputs' to avoid re-running this script phase.\necho \"SUCCESS\" > \"${SCRIPT_OUTPUT_FILE_0}\"\n";
			showEnvVarsInLog = 0;
		};
		6F027A56BE88BBFA7E24C99E /* [CP] Embed Pods Frameworks */ = {
			isa = PBXShellScriptBuildPhase;
			buildActionMask = 2147483647;
			files = (
			);
			inputFileListPaths = (
				"${PODS_ROOT}/Target Support Files/Pods-Shop/Pods-Shop-frameworks-${CONFIGURATION}-input-files.xcfilelist",
			);
			name = "[CP] Embed Pods Frameworks";
			outputFileListPaths = (
				"${PODS_ROOT}/Target Support Files/Pods-Shop/Pods-Shop-frameworks-${CONFIGURATION}-output-files.xcfilelist",
			);
			runOnlyForDeploymentPostprocessing = 0;
			shellPath = /bin/sh;
			shellScript = "\"${PODS_ROOT}/Target Support Files/Pods-Shop/Pods-Shop-frameworks.sh\"\n";
			showEnvVarsInLog = 0;
		};
/* End PBXShellScriptBuildPhase section */

/* Begin PBXSourcesBuildPhase section */
		0589F48B258733A6005F9EF6 /* Sources */ = {
			isa = PBXSourcesBuildPhase;
			buildActionMask = 2147483647;
			files = (
				05B078122591BCFB00DAC557 /* RYJHomeLikeView.swift in Sources */,
				0599350B258899CD00302D5F /* RYJSearchViewController.swift in Sources */,
				05EC75C0259C2C1E00EF86E5 /* RYJDetailDescribeView.swift in Sources */,
				05993506258899B300302D5F /* RYJCartViewController.swift in Sources */,
				05B33E832588BA45002DE0E0 /* RYJSearchRankingView.swift in Sources */,
				05EC75BB259C1CAA00EF86E5 /* RYJDetailHeaderView.swift in Sources */,
				058B189D25946C8700D8F5A3 /* LFFPraiseButton.swift in Sources */,
				052B7FD0258C9B16003AF68B /* RYJCartDiscountView.swift in Sources */,
				058E1B7D25902E4C00E678FD /* RYJCartListView.swift in Sources */,
				053D63E3258AEA9D009567D4 /* RYJSearchRecentView.swift in Sources */,
				0589F4D325874562005F9EF6 /* RYJTabBarController.swift in Sources */,
				0589F497258733A6005F9EF6 /* ViewController.swift in Sources */,
				052B7FD5258CA7F7003AF68B /* RYJCartSettlementView.swift in Sources */,
				05EC7633259C71F900EF86E5 /* RYJCheckoutProgressView.swift in Sources */,
				05EC7638259C7EBD00EF86E5 /* RYJCheckoutShipmentView.swift in Sources */,
				0589F493258733A6005F9EF6 /* AppDelegate.swift in Sources */,
				05B33E6E2588A881002DE0E0 /* UIColorExtension.swift in Sources */,
				0599353425889D7500302D5F /* RYJBaseViewController.swift in Sources */,
				0589F4DA258746AD005F9EF6 /* RYJHomeViewController.swift in Sources */,
				05EC762E259C6E3800EF86E5 /* RYJCheckoutViewController.swift in Sources */,
				05EC75B3259C165800EF86E5 /* RYJDetailViewController.swift in Sources */,
				058E1B972590800500E678FD /* RYJRefresh.swift in Sources */,
				058B18A2259474A000D8F5A3 /* RYJHomeModel.swift in Sources */,
				058E1B8B2590416400E678FD /* RYJCartModel.swift in Sources */,
				05B077F8259180CD00DAC557 /* RYJHomeBannerView.swift in Sources */,
				05B33E792588B1A4002DE0E0 /* Global.swift in Sources */,
				059934FE258899A200302D5F /* RYJLikeViewController.swift in Sources */,
			);
			runOnlyForDeploymentPostprocessing = 0;
		};
		0589F4A1258733AA005F9EF6 /* Sources */ = {
			isa = PBXSourcesBuildPhase;
			buildActionMask = 2147483647;
			files = (
				0589F4AA258733AA005F9EF6 /* ShopTests.swift in Sources */,
			);
			runOnlyForDeploymentPostprocessing = 0;
		};
		0589F4AC258733AA005F9EF6 /* Sources */ = {
			isa = PBXSourcesBuildPhase;
			buildActionMask = 2147483647;
			files = (
				0589F4B5258733AA005F9EF6 /* ShopUITests.swift in Sources */,
			);
			runOnlyForDeploymentPostprocessing = 0;
		};
/* End PBXSourcesBuildPhase section */

/* Begin PBXTargetDependency section */
		0589F4A7258733AA005F9EF6 /* PBXTargetDependency */ = {
			isa = PBXTargetDependency;
			target = 0589F48E258733A6005F9EF6 /* Shop */;
			targetProxy = 0589F4A6258733AA005F9EF6 /* PBXContainerItemProxy */;
		};
		0589F4B2258733AA005F9EF6 /* PBXTargetDependency */ = {
			isa = PBXTargetDependency;
			target = 0589F48E258733A6005F9EF6 /* Shop */;
			targetProxy = 0589F4B1258733AA005F9EF6 /* PBXContainerItemProxy */;
		};
/* End PBXTargetDependency section */

/* Begin PBXVariantGroup section */
		0589F498258733A6005F9EF6 /* Main.storyboard */ = {
			isa = PBXVariantGroup;
			children = (
				0589F499258733A6005F9EF6 /* Base */,
			);
			name = Main.storyboard;
			sourceTree = "<group>";
		};
		0589F49D258733A9005F9EF6 /* LaunchScreen.storyboard */ = {
			isa = PBXVariantGroup;
			children = (
				0589F49E258733A9005F9EF6 /* Base */,
			);
			name = LaunchScreen.storyboard;
			sourceTree = "<group>";
		};
/* End PBXVariantGroup section */

/* Begin XCBuildConfiguration section */
		0589F4B7258733AA005F9EF6 /* Debug */ = {
			isa = XCBuildConfiguration;
			buildSettings = {
				ALWAYS_SEARCH_USER_PATHS = NO;
				CLANG_ANALYZER_NONNULL = YES;
				CLANG_ANALYZER_NUMBER_OBJECT_CONVERSION = YES_AGGRESSIVE;
				CLANG_CXX_LANGUAGE_STANDARD = "gnu++14";
				CLANG_CXX_LIBRARY = "libc++";
				CLANG_ENABLE_MODULES = YES;
				CLANG_ENABLE_OBJC_ARC = YES;
				CLANG_ENABLE_OBJC_WEAK = YES;
				CLANG_WARN_BLOCK_CAPTURE_AUTORELEASING = YES;
				CLANG_WARN_BOOL_CONVERSION = YES;
				CLANG_WARN_COMMA = YES;
				CLANG_WARN_CONSTANT_CONVERSION = YES;
				CLANG_WARN_DEPRECATED_OBJC_IMPLEMENTATIONS = YES;
				CLANG_WARN_DIRECT_OBJC_ISA_USAGE = YES_ERROR;
				CLANG_WARN_DOCUMENTATION_COMMENTS = YES;
				CLANG_WARN_EMPTY_BODY = YES;
				CLANG_WARN_ENUM_CONVERSION = YES;
				CLANG_WARN_INFINITE_RECURSION = YES;
				CLANG_WARN_INT_CONVERSION = YES;
				CLANG_WARN_NON_LITERAL_NULL_CONVERSION = YES;
				CLANG_WARN_OBJC_IMPLICIT_RETAIN_SELF = YES;
				CLANG_WARN_OBJC_LITERAL_CONVERSION = YES;
				CLANG_WARN_OBJC_ROOT_CLASS = YES_ERROR;
				CLANG_WARN_QUOTED_INCLUDE_IN_FRAMEWORK_HEADER = YES;
				CLANG_WARN_RANGE_LOOP_ANALYSIS = YES;
				CLANG_WARN_STRICT_PROTOTYPES = YES;
				CLANG_WARN_SUSPICIOUS_MOVE = YES;
				CLANG_WARN_UNGUARDED_AVAILABILITY = YES_AGGRESSIVE;
				CLANG_WARN_UNREACHABLE_CODE = YES;
				CLANG_WARN__DUPLICATE_METHOD_MATCH = YES;
				COPY_PHASE_STRIP = NO;
				DEBUG_INFORMATION_FORMAT = dwarf;
				ENABLE_STRICT_OBJC_MSGSEND = YES;
				ENABLE_TESTABILITY = YES;
				GCC_C_LANGUAGE_STANDARD = gnu11;
				GCC_DYNAMIC_NO_PIC = NO;
				GCC_NO_COMMON_BLOCKS = YES;
				GCC_OPTIMIZATION_LEVEL = 0;
				GCC_PREPROCESSOR_DEFINITIONS = (
					"DEBUG=1",
					"$(inherited)",
				);
				GCC_WARN_64_TO_32_BIT_CONVERSION = YES;
				GCC_WARN_ABOUT_RETURN_TYPE = YES_ERROR;
				GCC_WARN_UNDECLARED_SELECTOR = YES;
				GCC_WARN_UNINITIALIZED_AUTOS = YES_AGGRESSIVE;
				GCC_WARN_UNUSED_FUNCTION = YES;
				GCC_WARN_UNUSED_VARIABLE = YES;
				IPHONEOS_DEPLOYMENT_TARGET = 14.2;
				MTL_ENABLE_DEBUG_INFO = INCLUDE_SOURCE;
				MTL_FAST_MATH = YES;
				ONLY_ACTIVE_ARCH = YES;
				SDKROOT = iphoneos;
				SWIFT_ACTIVE_COMPILATION_CONDITIONS = DEBUG;
				SWIFT_OPTIMIZATION_LEVEL = "-Onone";
			};
			name = Debug;
		};
		0589F4B8258733AA005F9EF6 /* Release */ = {
			isa = XCBuildConfiguration;
			buildSettings = {
				ALWAYS_SEARCH_USER_PATHS = NO;
				CLANG_ANALYZER_NONNULL = YES;
				CLANG_ANALYZER_NUMBER_OBJECT_CONVERSION = YES_AGGRESSIVE;
				CLANG_CXX_LANGUAGE_STANDARD = "gnu++14";
				CLANG_CXX_LIBRARY = "libc++";
				CLANG_ENABLE_MODULES = YES;
				CLANG_ENABLE_OBJC_ARC = YES;
				CLANG_ENABLE_OBJC_WEAK = YES;
				CLANG_WARN_BLOCK_CAPTURE_AUTORELEASING = YES;
				CLANG_WARN_BOOL_CONVERSION = YES;
				CLANG_WARN_COMMA = YES;
				CLANG_WARN_CONSTANT_CONVERSION = YES;
				CLANG_WARN_DEPRECATED_OBJC_IMPLEMENTATIONS = YES;
				CLANG_WARN_DIRECT_OBJC_ISA_USAGE = YES_ERROR;
				CLANG_WARN_DOCUMENTATION_COMMENTS = YES;
				CLANG_WARN_EMPTY_BODY = YES;
				CLANG_WARN_ENUM_CONVERSION = YES;
				CLANG_WARN_INFINITE_RECURSION = YES;
				CLANG_WARN_INT_CONVERSION = YES;
				CLANG_WARN_NON_LITERAL_NULL_CONVERSION = YES;
				CLANG_WARN_OBJC_IMPLICIT_RETAIN_SELF = YES;
				CLANG_WARN_OBJC_LITERAL_CONVERSION = YES;
				CLANG_WARN_OBJC_ROOT_CLASS = YES_ERROR;
				CLANG_WARN_QUOTED_INCLUDE_IN_FRAMEWORK_HEADER = YES;
				CLANG_WARN_RANGE_LOOP_ANALYSIS = YES;
				CLANG_WARN_STRICT_PROTOTYPES = YES;
				CLANG_WARN_SUSPICIOUS_MOVE = YES;
				CLANG_WARN_UNGUARDED_AVAILABILITY = YES_AGGRESSIVE;
				CLANG_WARN_UNREACHABLE_CODE = YES;
				CLANG_WARN__DUPLICATE_METHOD_MATCH = YES;
				COPY_PHASE_STRIP = NO;
				DEBUG_INFORMATION_FORMAT = "dwarf-with-dsym";
				ENABLE_NS_ASSERTIONS = NO;
				ENABLE_STRICT_OBJC_MSGSEND = YES;
				GCC_C_LANGUAGE_STANDARD = gnu11;
				GCC_NO_COMMON_BLOCKS = YES;
				GCC_WARN_64_TO_32_BIT_CONVERSION = YES;
				GCC_WARN_ABOUT_RETURN_TYPE = YES_ERROR;
				GCC_WARN_UNDECLARED_SELECTOR = YES;
				GCC_WARN_UNINITIALIZED_AUTOS = YES_AGGRESSIVE;
				GCC_WARN_UNUSED_FUNCTION = YES;
				GCC_WARN_UNUSED_VARIABLE = YES;
				IPHONEOS_DEPLOYMENT_TARGET = 14.2;
				MTL_ENABLE_DEBUG_INFO = NO;
				MTL_FAST_MATH = YES;
				SDKROOT = iphoneos;
				SWIFT_COMPILATION_MODE = wholemodule;
				SWIFT_OPTIMIZATION_LEVEL = "-O";
				VALIDATE_PRODUCT = YES;
			};
			name = Release;
		};
		0589F4BA258733AA005F9EF6 /* Debug */ = {
			isa = XCBuildConfiguration;
			baseConfigurationReference = 48AD86BB4D9D2C09269781E6 /* Pods-Shop.debug.xcconfig */;
			buildSettings = {
				ASSETCATALOG_COMPILER_APPICON_NAME = AppIcon;
				ASSETCATALOG_COMPILER_GLOBAL_ACCENT_COLOR_NAME = AccentColor;
				CODE_SIGN_STYLE = Automatic;
				DEVELOPMENT_TEAM = F4EJCBMMZY;
				INFOPLIST_FILE = Shop/Resources/Info.plist;
				IPHONEOS_DEPLOYMENT_TARGET = 10.0;
				LD_RUNPATH_SEARCH_PATHS = (
					"$(inherited)",
					"@executable_path/Frameworks",
				);
				PRODUCT_BUNDLE_IDENTIFIER = "YiJie-Ren.Shop";
				PRODUCT_NAME = "$(TARGET_NAME)";
				SWIFT_VERSION = 5.0;
				TARGETED_DEVICE_FAMILY = "1,2";
			};
			name = Debug;
		};
		0589F4BB258733AA005F9EF6 /* Release */ = {
			isa = XCBuildConfiguration;
			baseConfigurationReference = D578FECD44BDDA7737868D7F /* Pods-Shop.release.xcconfig */;
			buildSettings = {
				ASSETCATALOG_COMPILER_APPICON_NAME = AppIcon;
				ASSETCATALOG_COMPILER_GLOBAL_ACCENT_COLOR_NAME = AccentColor;
				CODE_SIGN_STYLE = Automatic;
				DEVELOPMENT_TEAM = F4EJCBMMZY;
				INFOPLIST_FILE = Shop/Resources/Info.plist;
				IPHONEOS_DEPLOYMENT_TARGET = 10.0;
				LD_RUNPATH_SEARCH_PATHS = (
					"$(inherited)",
					"@executable_path/Frameworks",
				);
				PRODUCT_BUNDLE_IDENTIFIER = "YiJie-Ren.Shop";
				PRODUCT_NAME = "$(TARGET_NAME)";
				SWIFT_VERSION = 5.0;
				TARGETED_DEVICE_FAMILY = "1,2";
			};
			name = Release;
		};
		0589F4BD258733AA005F9EF6 /* Debug */ = {
			isa = XCBuildConfiguration;
			buildSettings = {
				ALWAYS_EMBED_SWIFT_STANDARD_LIBRARIES = YES;
				BUNDLE_LOADER = "$(TEST_HOST)";
				CODE_SIGN_STYLE = Automatic;
				DEVELOPMENT_TEAM = F4EJCBMMZY;
				INFOPLIST_FILE = ShopTests/Info.plist;
				IPHONEOS_DEPLOYMENT_TARGET = 14.2;
				LD_RUNPATH_SEARCH_PATHS = (
					"$(inherited)",
					"@executable_path/Frameworks",
					"@loader_path/Frameworks",
				);
				PRODUCT_BUNDLE_IDENTIFIER = "YiJie-Ren.ShopTests";
				PRODUCT_NAME = "$(TARGET_NAME)";
				SWIFT_VERSION = 5.0;
				TARGETED_DEVICE_FAMILY = "1,2";
				TEST_HOST = "$(BUILT_PRODUCTS_DIR)/Shop.app/Shop";
			};
			name = Debug;
		};
		0589F4BE258733AA005F9EF6 /* Release */ = {
			isa = XCBuildConfiguration;
			buildSettings = {
				ALWAYS_EMBED_SWIFT_STANDARD_LIBRARIES = YES;
				BUNDLE_LOADER = "$(TEST_HOST)";
				CODE_SIGN_STYLE = Automatic;
				DEVELOPMENT_TEAM = F4EJCBMMZY;
				INFOPLIST_FILE = ShopTests/Info.plist;
				IPHONEOS_DEPLOYMENT_TARGET = 14.2;
				LD_RUNPATH_SEARCH_PATHS = (
					"$(inherited)",
					"@executable_path/Frameworks",
					"@loader_path/Frameworks",
				);
				PRODUCT_BUNDLE_IDENTIFIER = "YiJie-Ren.ShopTests";
				PRODUCT_NAME = "$(TARGET_NAME)";
				SWIFT_VERSION = 5.0;
				TARGETED_DEVICE_FAMILY = "1,2";
				TEST_HOST = "$(BUILT_PRODUCTS_DIR)/Shop.app/Shop";
			};
			name = Release;
		};
		0589F4C0258733AA005F9EF6 /* Debug */ = {
			isa = XCBuildConfiguration;
			buildSettings = {
				ALWAYS_EMBED_SWIFT_STANDARD_LIBRARIES = YES;
				CODE_SIGN_STYLE = Automatic;
				DEVELOPMENT_TEAM = F4EJCBMMZY;
				INFOPLIST_FILE = ShopUITests/Info.plist;
				LD_RUNPATH_SEARCH_PATHS = (
					"$(inherited)",
					"@executable_path/Frameworks",
					"@loader_path/Frameworks",
				);
				PRODUCT_BUNDLE_IDENTIFIER = "YiJie-Ren.ShopUITests";
				PRODUCT_NAME = "$(TARGET_NAME)";
				SWIFT_VERSION = 5.0;
				TARGETED_DEVICE_FAMILY = "1,2";
				TEST_TARGET_NAME = Shop;
			};
			name = Debug;
		};
		0589F4C1258733AA005F9EF6 /* Release */ = {
			isa = XCBuildConfiguration;
			buildSettings = {
				ALWAYS_EMBED_SWIFT_STANDARD_LIBRARIES = YES;
				CODE_SIGN_STYLE = Automatic;
				DEVELOPMENT_TEAM = F4EJCBMMZY;
				INFOPLIST_FILE = ShopUITests/Info.plist;
				LD_RUNPATH_SEARCH_PATHS = (
					"$(inherited)",
					"@executable_path/Frameworks",
					"@loader_path/Frameworks",
				);
				PRODUCT_BUNDLE_IDENTIFIER = "YiJie-Ren.ShopUITests";
				PRODUCT_NAME = "$(TARGET_NAME)";
				SWIFT_VERSION = 5.0;
				TARGETED_DEVICE_FAMILY = "1,2";
				TEST_TARGET_NAME = Shop;
			};
			name = Release;
		};
/* End XCBuildConfiguration section */

/* Begin XCConfigurationList section */
		0589F48A258733A6005F9EF6 /* Build configuration list for PBXProject "Shop" */ = {
			isa = XCConfigurationList;
			buildConfigurations = (
				0589F4B7258733AA005F9EF6 /* Debug */,
				0589F4B8258733AA005F9EF6 /* Release */,
			);
			defaultConfigurationIsVisible = 0;
			defaultConfigurationName = Release;
		};
		0589F4B9258733AA005F9EF6 /* Build configuration list for PBXNativeTarget "Shop" */ = {
			isa = XCConfigurationList;
			buildConfigurations = (
				0589F4BA258733AA005F9EF6 /* Debug */,
				0589F4BB258733AA005F9EF6 /* Release */,
			);
			defaultConfigurationIsVisible = 0;
			defaultConfigurationName = Release;
		};
		0589F4BC258733AA005F9EF6 /* Build configuration list for PBXNativeTarget "ShopTests" */ = {
			isa = XCConfigurationList;
			buildConfigurations = (
				0589F4BD258733AA005F9EF6 /* Debug */,
				0589F4BE258733AA005F9EF6 /* Release */,
			);
			defaultConfigurationIsVisible = 0;
			defaultConfigurationName = Release;
		};
		0589F4BF258733AA005F9EF6 /* Build configuration list for PBXNativeTarget "ShopUITests" */ = {
			isa = XCConfigurationList;
			buildConfigurations = (
				0589F4C0258733AA005F9EF6 /* Debug */,
				0589F4C1258733AA005F9EF6 /* Release */,
			);
			defaultConfigurationIsVisible = 0;
			defaultConfigurationName = Release;
		};
/* End XCConfigurationList section */
	};
	rootObject = 0589F487258733A6005F9EF6 /* Project object */;
}
